// !$*UTF8*$!
{
	archiveVersion = 1;
	classes = {
	};
	objectVersion = 46;
	objects = {

/* Begin PBXBuildFile section */
		CA4A8C681B00CA7200EC5468 /* AppDelegate.swift in Sources */ = {isa = PBXBuildFile; fileRef = CA4A8C671B00CA7200EC5468 /* AppDelegate.swift */; };
		CA4A8C6A1B00CA7200EC5468 /* ViewController.swift in Sources */ = {isa = PBXBuildFile; fileRef = CA4A8C691B00CA7200EC5468 /* ViewController.swift */; };
		CA4A8C6D1B00CA7200EC5468 /* Main.storyboard in Resources */ = {isa = PBXBuildFile; fileRef = CA4A8C6B1B00CA7200EC5468 /* Main.storyboard */; };
		CA4A8C6F1B00CA7200EC5468 /* Images.xcassets in Resources */ = {isa = PBXBuildFile; fileRef = CA4A8C6E1B00CA7200EC5468 /* Images.xcassets */; };
		CA4A8C721B00CA7200EC5468 /* LaunchScreen.xib in Resources */ = {isa = PBXBuildFile; fileRef = CA4A8C701B00CA7200EC5468 /* LaunchScreen.xib */; };
		CA4A8C7E1B00CA7200EC5468 /* PitchPerfectTests.swift in Sources */ = {isa = PBXBuildFile; fileRef = CA4A8C7D1B00CA7200EC5468 /* PitchPerfectTests.swift */; };
/* End PBXBuildFile section */

/* Begin PBXContainerItemProxy section */
		CA4A8C781B00CA7200EC5468 /* PBXContainerItemProxy */ = {
			isa = PBXContainerItemProxy;
			containerPortal = CA4A8C5A1B00CA7200EC5468 /* Project object */;
			proxyType = 1;
			remoteGlobalIDString = CA4A8C611B00CA7200EC5468;
			remoteInfo = PitchPerfect;
		};
/* End PBXContainerItemProxy section */

/* Begin PBXFileReference section */
		CA4A8C621B00CA7200EC5468 /* PitchPerfect.app */ = {isa = PBXFileReference; explicitFileType = wrapper.application; includeInIndex = 0; path = PitchPerfect.app; sourceTree = BUILT_PRODUCTS_DIR; };
		CA4A8C661B00CA7200EC5468 /* Info.plist */ = {isa = PBXFileReference; lastKnownFileType = text.plist.xml; path = Info.plist; sourceTree = "<group>"; };
		CA4A8C671B00CA7200EC5468 /* AppDelegate.swift */ = {isa = PBXFileReference; lastKnownFileType = sourcecode.swift; path = AppDelegate.swift; sourceTree = "<group>"; };
		CA4A8C691B00CA7200EC5468 /* ViewController.swift */ = {isa = PBXFileReference; lastKnownFileType = sourcecode.swift; path = ViewController.swift; sourceTree = "<group>"; };
		CA4A8C6C1B00CA7200EC5468 /* Base */ = {isa = PBXFileReference; lastKnownFileType = file.storyboard; name = Base; path = Base.lproj/Main.storyboard; sourceTree = "<group>"; };
		CA4A8C6E1B00CA7200EC5468 /* Images.xcassets */ = {isa = PBXFileReference; lastKnownFileType = folder.assetcatalog; path = Images.xcassets; sourceTree = "<group>"; };
		CA4A8C711B00CA7200EC5468 /* Base */ = {isa = PBXFileReference; lastKnownFileType = file.xib; name = Base; path = Base.lproj/LaunchScreen.xib; sourceTree = "<group>"; };
		CA4A8C771B00CA7200EC5468 /* PitchPerfectTests.xctest */ = {isa = PBXFileReference; explicitFileType = wrapper.cfbundle; includeInIndex = 0; path = PitchPerfectTests.xctest; sourceTree = BUILT_PRODUCTS_DIR; };
		CA4A8C7C1B00CA7200EC5468 /* Info.plist */ = {isa = PBXFileReference; lastKnownFileType = text.plist.xml; path = Info.plist; sourceTree = "<group>"; };
		CA4A8C7D1B00CA7200EC5468 /* PitchPerfectTests.swift */ = {isa = PBXFileReference; lastKnownFileType = sourcecode.swift; path = PitchPerfectTests.swift; sourceTree = "<group>"; };
/* End PBXFileReference section */

/* Begin PBXFrameworksBuildPhase section */
		CA4A8C5F1B00CA7200EC5468 /* Frameworks */ = {
			isa = PBXFrameworksBuildPhase;
			buildActionMask = 2147483647;
			files = (
			);
			runOnlyForDeploymentPostprocessing = 0;
		};
		CA4A8C741B00CA7200EC5468 /* Frameworks */ = {
			isa = PBXFrameworksBuildPhase;
			buildActionMask = 2147483647;
			files = (
			);
			runOnlyForDeploymentPostprocessing = 0;
		};
/* End PBXFrameworksBuildPhase section */

/* Begin PBXGroup section */
		CA4A8C591B00CA7200EC5468 = {
			isa = PBXGroup;
			children = (
				CA4A8C641B00CA7200EC5468 /* PitchPerfect */,
				CA4A8C7A1B00CA7200EC5468 /* PitchPerfectTests */,
				CA4A8C631B00CA7200EC5468 /* Products */,
			);
			sourceTree = "<group>";
		};
		CA4A8C631B00CA7200EC5468 /* Products */ = {
			isa = PBXGroup;
			children = (
				CA4A8C621B00CA7200EC5468 /* PitchPerfect.app */,
				CA4A8C771B00CA7200EC5468 /* PitchPerfectTests.xctest */,
			);
			name = Products;
			sourceTree = "<group>";
		};
		CA4A8C641B00CA7200EC5468 /* PitchPerfect */ = {
			isa = PBXGroup;
			children = (
				CA4A8C671B00CA7200EC5468 /* AppDelegate.swift */,
				CA4A8C691B00CA7200EC5468 /* ViewController.swift */,
				CA4A8C6B1B00CA7200EC5468 /* Main.storyboard */,
				CA4A8C6E1B00CA7200EC5468 /* Images.xcassets */,
				CA4A8C701B00CA7200EC5468 /* LaunchScreen.xib */,
				CA4A8C651B00CA7200EC5468 /* Supporting Files */,
			);
			path = PitchPerfect;
			sourceTree = "<group>";
		};
		CA4A8C651B00CA7200EC5468 /* Supporting Files */ = {
			isa = PBXGroup;
			children = (
				CA4A8C661B00CA7200EC5468 /* Info.plist */,
			);
			name = "Supporting Files";
			sourceTree = "<group>";
		};
		CA4A8C7A1B00CA7200EC5468 /* PitchPerfectTests */ = {
			isa = PBXGroup;
			children = (
				CA4A8C7D1B00CA7200EC5468 /* PitchPerfectTests.swift */,
				CA4A8C7B1B00CA7200EC5468 /* Supporting Files */,
			);
			path = PitchPerfectTests;
			sourceTree = "<group>";
		};
		CA4A8C7B1B00CA7200EC5468 /* Supporting Files */ = {
			isa = PBXGroup;
			children = (
				CA4A8C7C1B00CA7200EC5468 /* Info.plist */,
			);
			name = "Supporting Files";
			sourceTree = "<group>";
		};
/* End PBXGroup section */

/* Begin PBXNativeTarget section */
		CA4A8C611B00CA7200EC5468 /* PitchPerfect */ = {
			isa = PBXNativeTarget;
			buildConfigurationList = CA4A8C811B00CA7200EC5468 /* Build configuration list for PBXNativeTarget "PitchPerfect" */;
			buildPhases = (
				CA4A8C5E1B00CA7200EC5468 /* Sources */,
				CA4A8C5F1B00CA7200EC5468 /* Frameworks */,
				CA4A8C601B00CA7200EC5468 /* Resources */,
			);
			buildRules = (
			);
			dependencies = (
			);
			name = PitchPerfect;
			productName = PitchPerfect;
			productReference = CA4A8C621B00CA7200EC5468 /* PitchPerfect.app */;
			productType = "com.apple.product-type.application";
		};
		CA4A8C761B00CA7200EC5468 /* PitchPerfectTests */ = {
			isa = PBXNativeTarget;
			buildConfigurationList = CA4A8C841B00CA7200EC5468 /* Build configuration list for PBXNativeTarget "PitchPerfectTests" */;
			buildPhases = (
				CA4A8C731B00CA7200EC5468 /* Sources */,
				CA4A8C741B00CA7200EC5468 /* Frameworks */,
				CA4A8C751B00CA7200EC5468 /* Resources */,
			);
			buildRules = (
			);
			dependencies = (
				CA4A8C791B00CA7200EC5468 /* PBXTargetDependency */,
			);
			name = PitchPerfectTests;
			productName = PitchPerfectTests;
			productReference = CA4A8C771B00CA7200EC5468 /* PitchPerfectTests.xctest */;
			productType = "com.apple.product-type.bundle.unit-test";
		};
/* End PBXNativeTarget section */

/* Begin PBXProject section */
		CA4A8C5A1B00CA7200EC5468 /* Project object */ = {
			isa = PBXProject;
			attributes = {
				LastUpgradeCheck = 0630;
				ORGANIZATIONNAME = "Annette Undheim";
				TargetAttributes = {
					CA4A8C611B00CA7200EC5468 = {
						CreatedOnToolsVersion = 6.3.1;
					};
					CA4A8C761B00CA7200EC5468 = {
						CreatedOnToolsVersion = 6.3.1;
						TestTargetID = CA4A8C611B00CA7200EC5468;
					};
				};
			};
			buildConfigurationList = CA4A8C5D1B00CA7200EC5468 /* Build configuration list for PBXProject "PitchPerfect" */;
			compatibilityVersion = "Xcode 3.2";
			developmentRegion = English;
			hasScannedForEncodings = 0;
			knownRegions = (
				en,
				Base,
			);
			mainGroup = CA4A8C591B00CA7200EC5468;
			productRefGroup = CA4A8C631B00CA7200EC5468 /* Products */;
			projectDirPath = "";
			projectRoot = "";
			targets = (
				CA4A8C611B00CA7200EC5468 /* PitchPerfect */,
				CA4A8C761B00CA7200EC5468 /* PitchPerfectTests */,
			);
		};
/* End PBXProject section */

/* Begin PBXResourcesBuildPhase section */
		CA4A8C601B00CA7200EC5468 /* Resources */ = {
			isa = PBXResourcesBuildPhase;
			buildActionMask = 2147483647;
			files = (
				CA4A8C6D1B00CA7200EC5468 /* Main.storyboard in Resources */,
				CA4A8C721B00CA7200EC5468 /* LaunchScreen.xib in Resources */,
				CA4A8C6F1B00CA7200EC5468 /* Images.xcassets in Resources */,
			);
			runOnlyForDeploymentPostprocessing = 0;
		};
		CA4A8C751B00CA7200EC5468 /* Resources */ = {
			isa = PBXResourcesBuildPhase;
			buildActionMask = 2147483647;
			files = (
			);
			runOnlyForDeploymentPostprocessing = 0;
		};
/* End PBXResourcesBuildPhase section */

/* Begin PBXSourcesBuildPhase section */
		CA4A8C5E1B00CA7200EC5468 /* Sources */ = {
			isa = PBXSourcesBuildPhase;
			buildActionMask = 2147483647;
			files = (
				CA4A8C6A1B00CA7200EC5468 /* ViewController.swift in Sources */,
				CA4A8C681B00CA7200EC5468 /* AppDelegate.swift in Sources */,
			);
			runOnlyForDeploymentPostprocessing = 0;
		};
		CA4A8C731B00CA7200EC5468 /* Sources */ = {
			isa = PBXSourcesBuildPhase;
			buildActionMask = 2147483647;
			files = (
				CA4A8C7E1B00CA7200EC5468 /* PitchPerfectTests.swift in Sources */,
			);
			runOnlyForDeploymentPostprocessing = 0;
		};
/* End PBXSourcesBuildPhase section */

/* Begin PBXTargetDependency section */
		CA4A8C791B00CA7200EC5468 /* PBXTargetDependency */ = {
			isa = PBXTargetDependency;
			target = CA4A8C611B00CA7200EC5468 /* PitchPerfect */;
			targetProxy = CA4A8C781B00CA7200EC5468 /* PBXContainerItemProxy */;
		};
/* End PBXTargetDependency section */

/* Begin PBXVariantGroup section */
		CA4A8C6B1B00CA7200EC5468 /* Main.storyboard */ = {
			isa = PBXVariantGroup;
			children = (
				CA4A8C6C1B00CA7200EC5468 /* Base */,
			);
			name = Main.storyboard;
			sourceTree = "<group>";
		};
		CA4A8C701B00CA7200EC5468 /* LaunchScreen.xib */ = {
			isa = PBXVariantGroup;
			children = (
				CA4A8C711B00CA7200EC5468 /* Base */,
			);
			name = LaunchScreen.xib;
			sourceTree = "<group>";
		};
/* End PBXVariantGroup section */

/* Begin XCBuildConfiguration section */
		CA4A8C7F1B00CA7200EC5468 /* Debug */ = {
			isa = XCBuildConfiguration;
			buildSettings = {
				ALWAYS_SEARCH_USER_PATHS = NO;
				CLANG_CXX_LANGUAGE_STANDARD = "gnu++0x";
				CLANG_CXX_LIBRARY = "libc++";
				CLANG_ENABLE_MODULES = YES;
				CLANG_ENABLE_OBJC_ARC = YES;
				CLANG_WARN_BOOL_CONVERSION = YES;
				CLANG_WARN_CONSTANT_CONVERSION = YES;
				CLANG_WARN_DIRECT_OBJC_ISA_USAGE = YES_ERROR;
				CLANG_WARN_EMPTY_BODY = YES;
				CLANG_WARN_ENUM_CONVERSION = YES;
				CLANG_WARN_INT_CONVERSION = YES;
				CLANG_WARN_OBJC_ROOT_CLASS = YES_ERROR;
				CLANG_WARN_UNREACHABLE_CODE = YES;
				CLANG_WARN__DUPLICATE_METHOD_MATCH = YES;
				"CODE_SIGN_IDENTITY[sdk=iphoneos*]" = "iPhone Developer";
				COPY_PHASE_STRIP = NO;
				DEBUG_INFORMATION_FORMAT = "dwarf-with-dsym";
				ENABLE_STRICT_OBJC_MSGSEND = YES;
				GCC_C_LANGUAGE_STANDARD = gnu99;
				GCC_DYNAMIC_NO_PIC = NO;
				GCC_NO_COMMON_BLOCKS = YES;
				GCC_OPTIMIZATION_LEVEL = 0;
				GCC_PREPROCESSOR_DEFINITIONS = (
					"DEBUG=1",
					"$(inherited)",
				);
				GCC_SYMBOLS_PRIVATE_EXTERN = NO;
				GCC_WARN_64_TO_32_BIT_CONVERSION = YES;
				GCC_WARN_ABOUT_RETURN_TYPE = YES_ERROR;
				GCC_WARN_UNDECLARED_SELECTOR = YES;
				GCC_WARN_UNINITIALIZED_AUTOS = YES_AGGRESSIVE;
				GCC_WARN_UNUSED_FUNCTION = YES;
				GCC_WARN_UNUSED_VARIABLE = YES;
				IPHONEOS_DEPLOYMENT_TARGET = 8.3;
				MTL_ENABLE_DEBUG_INFO = YES;
				ONLY_ACTIVE_ARCH = YES;
				SDKROOT = iphoneos;
				SWIFT_OPTIMIZATION_LEVEL = "-Onone";
			};
			name = Debug;
		};
		CA4A8C801B00CA7200EC5468 /* Release */ = {
			isa = XCBuildConfiguration;
			buildSettings = {
				ALWAYS_SEARCH_USER_PATHS = NO;
				CLANG_CXX_LANGUAGE_STANDARD = "gnu++0x";
				CLANG_CXX_LIBRARY = "libc++";
				CLANG_ENABLE_MODULES = YES;
				CLANG_ENABLE_OBJC_ARC = YES;
				CLANG_WARN_BOOL_CONVERSION = YES;
				CLANG_WARN_CONSTANT_CONVERSION = YES;
				CLANG_WARN_DIRECT_OBJC_ISA_USAGE = YES_ERROR;
				CLANG_WARN_EMPTY_BODY = YES;
				CLANG_WARN_ENUM_CONVERSION = YES;
				CLANG_WARN_INT_CONVERSION = YES;
				CLANG_WARN_OBJC_ROOT_CLASS = YES_ERROR;
				CLANG_WARN_UNREACHABLE_CODE = YES;
				CLANG_WARN__DUPLICATE_METHOD_MATCH = YES;
				"CODE_SIGN_IDENTITY[sdk=iphoneos*]" = "iPhone Developer";
				COPY_PHASE_STRIP = NO;
				DEBUG_INFORMATION_FORMAT = "dwarf-with-dsym";
				ENABLE_NS_ASSERTIONS = NO;
				ENABLE_STRICT_OBJC_MSGSEND = YES;
				GCC_C_LANGUAGE_STANDARD = gnu99;
				GCC_NO_COMMON_BLOCKS = YES;
				GCC_WARN_64_TO_32_BIT_CONVERSION = YES;
				GCC_WARN_ABOUT_RETURN_TYPE = YES_ERROR;
				GCC_WARN_UNDECLARED_SELECTOR = YES;
				GCC_WARN_UNINITIALIZED_AUTOS = YES_AGGRESSIVE;
				GCC_WARN_UNUSED_FUNCTION = YES;
				GCC_WARN_UNUSED_VARIABLE = YES;
				IPHONEOS_DEPLOYMENT_TARGET = 8.3;
				MTL_ENABLE_DEBUG_INFO = NO;
				SDKROOT = iphoneos;
				VALIDATE_PRODUCT = YES;
			};
			name = Release;
		};
		CA4A8C821B00CA7200EC5468 /* Debug */ = {
			isa = XCBuildConfiguration;
			buildSettings = {
				ASSETCATALOG_COMPILER_APPICON_NAME = AppIcon;
				INFOPLIST_FILE = PitchPerfect/Info.plist;
				LD_RUNPATH_SEARCH_PATHS = "$(inherited) @executable_path/Frameworks";
				PRODUCT_NAME = "$(TARGET_NAME)";
			};
			name = Debug;
		};
		CA4A8C831B00CA7200EC5468 /* Release */ = {
			isa = XCBuildConfiguration;
			buildSettings = {
				ASSETCATALOG_COMPILER_APPICON_NAME = AppIcon;
				INFOPLIST_FILE = PitchPerfect/Info.plist;
				LD_RUNPATH_SEARCH_PATHS = "$(inherited) @executable_path/Frameworks";
				PRODUCT_NAME = "$(TARGET_NAME)";
			};
			name = Release;
		};
		CA4A8C851B00CA7200EC5468 /* Debug */ = {
			isa = XCBuildConfiguration;
			buildSettings = {
				BUNDLE_LOADER = "$(TEST_HOST)";
				FRAMEWORK_SEARCH_PATHS = (
					"$(SDKROOT)/Developer/Library/Frameworks",
					"$(inherited)",
				);
				GCC_PREPROCESSOR_DEFINITIONS = (
					"DEBUG=1",
					"$(inherited)",
				);
				INFOPLIST_FILE = PitchPerfectTests/Info.plist;
				LD_RUNPATH_SEARCH_PATHS = "$(inherited) @executable_path/Frameworks @loader_path/Frameworks";
				PRODUCT_NAME = "$(TARGET_NAME)";
				TEST_HOST = "$(BUILT_PRODUCTS_DIR)/PitchPerfect.app/PitchPerfect";
			};
			name = Debug;
		};
		CA4A8C861B00CA7200EC5468 /* Release */ = {
			isa = XCBuildConfiguration;
			buildSettings = {
				BUNDLE_LOADER = "$(TEST_HOST)";
				FRAMEWORK_SEARCH_PATHS = (
					"$(SDKROOT)/Developer/Library/Frameworks",
					"$(inherited)",
				);
				INFOPLIST_FILE = PitchPerfectTests/Info.plist;
				LD_RUNPATH_SEARCH_PATHS = "$(inherited) @executable_path/Frameworks @loader_path/Frameworks";
				PRODUCT_NAME = "$(TARGET_NAME)";
				TEST_HOST = "$(BUILT_PRODUCTS_DIR)/PitchPerfect.app/PitchPerfect";
			};
			name = Release;
		};
/* End XCBuildConfiguration section */

/* Begin XCConfigurationList section */
		CA4A8C5D1B00CA7200EC5468 /* Build configuration list for PBXProject "PitchPerfect" */ = {
			isa = XCConfigurationList;
			buildConfigurations = (
				CA4A8C7F1B00CA7200EC5468 /* Debug */,
				CA4A8C801B00CA7200EC5468 /* Release */,
			);
			defaultConfigurationIsVisible = 0;
			defaultConfigurationName = Release;
		};
		CA4A8C811B00CA7200EC5468 /* Build configuration list for PBXNativeTarget "PitchPerfect" */ = {
			isa = XCConfigurationList;
			buildConfigurations = (
				CA4A8C821B00CA7200EC5468 /* Debug */,
				CA4A8C831B00CA7200EC5468 /* Release */,
			);
			defaultConfigurationIsVisible = 0;
		};
		CA4A8C841B00CA7200EC5468 /* Build configuration list for PBXNativeTarget "PitchPerfectTests" */ = {
			isa = XCConfigurationList;
			buildConfigurations = (
				CA4A8C851B00CA7200EC5468 /* Debug */,
				CA4A8C861B00CA7200EC5468 /* Release */,
			);
			defaultConfigurationIsVisible = 0;
		};
/* End XCConfigurationList section */
	};
	rootObject = CA4A8C5A1B00CA7200EC5468 /* Project object */;
}
